
Microsoft Visual Studio Solution File, Format Version 12.00
# Visual Studio 15
VisualStudioVersion = 15.0.28307.106
MinimumVisualStudioVersion = 10.0.40219.1
Project("{FAE04EC0-301F-11D3-BF4B-00C04F79EFBC}") = "TicTacToe_ConsoleGame", "TicTacToe_ConsoleGame\TicTacToe_ConsoleGame.csproj", "{B19D782A-2F04-45CE-9650-672318D1AE44}"
EndProject
Global
	GlobalSection(SolutionConfigurationPlatforms) = preSolution
		Debug|Any CPU = Debug|Any CPU
		Release|Any CPU = Release|Any CPU
	EndGlobalSection
	GlobalSection(ProjectConfigurationPlatforms) = postSolution
		{B19D782A-2F04-45CE-9650-672318D1AE44}.Debug|Any CPU.ActiveCfg = Debug|Any CPU
		{B19D782A-2F04-45CE-9650-672318D1AE44}.Debug|Any CPU.Build.0 = Debug|Any CPU
		{B19D782A-2F04-45CE-9650-672318D1AE44}.Release|Any CPU.ActiveCfg = Release|Any CPU
		{B19D782A-2F04-45CE-9650-672318D1AE44}.Release|Any CPU.Build.0 = Release|Any CPU
	EndGlobalSection
	GlobalSection(SolutionProperties) = preSolution
		HideSolutionNode = FALSE
	EndGlobalSection
	GlobalSection(ExtensibilityGlobals) = postSolution
		SolutionGuid = {329D7BC7-5BCA-4CE4-9CD4-B7CB9C15F277}
	EndGlobalSection
EndGlobal
